
Microsoft Visual Studio Solution File, Format Version 12.00
# Visual Studio Version 17
VisualStudioVersion = 17.11.35431.28
MinimumVisualStudioVersion = 10.0.40219.1
Project("{FAE04EC0-301F-11D3-BF4B-00C04F79EFBC}") = "TodoApp", "TodoApp\TodoApp.csproj", "{2F73B466-0853-4A88-8306-3CE0CFA8439D}"
EndProject
Global
	GlobalSection(SolutionConfigurationPlatforms) = preSolution
		Debug|Any CPU = Debug|Any CPU
		Release|Any CPU = Release|Any CPU
	EndGlobalSection
	GlobalSection(ProjectConfigurationPlatforms) = postSolution
		{2F73B466-0853-4A88-8306-3CE0CFA8439D}.Debug|Any CPU.ActiveCfg = Debug|Any CPU
		{2F73B466-0853-4A88-8306-3CE0CFA8439D}.Debug|Any CPU.Build.0 = Debug|Any CPU
		{2F73B466-0853-4A88-8306-3CE0CFA8439D}.Release|Any CPU.ActiveCfg = Release|Any CPU
		{2F73B466-0853-4A88-8306-3CE0CFA8439D}.Release|Any CPU.Build.0 = Release|Any CPU
	EndGlobalSection
	GlobalSection(SolutionProperties) = preSolution
		HideSolutionNode = FALSE
	EndGlobalSection
	GlobalSection(ExtensibilityGlobals) = postSolution
		SolutionGuid = {D8A968F8-7CC9-49AA-9813-4E92B0C2F558}
	EndGlobalSection
EndGlobal
